
Microsoft Visual Studio Solution File, Format Version 12.00
# Visual Studio Version 16
VisualStudioVersion = 16.0.29215.179
MinimumVisualStudioVersion = 10.0.40219.1
Project("{FAE04EC0-301F-11D3-BF4B-00C04F79EFBC}") = "EntityFramework2SQL", "EntityFramework2SQL\EntityFramework2SQL.csproj", "{3C66ECAA-289E-4624-B146-D6EC74A1EA6B}"
EndProject
Project("{FAE04EC0-301F-11D3-BF4B-00C04F79EFBC}") = "EntityFramework2SQLLibrary", "EntityFramework2SQLLibrary\EntityFramework2SQLLibrary.csproj", "{5D8096B7-3E93-4828-823F-5D41B193CCD9}"
EndProject
Global
	GlobalSection(SolutionConfigurationPlatforms) = preSolution
		Debug|Any CPU = Debug|Any CPU
		Release|Any CPU = Release|Any CPU
	EndGlobalSection
	GlobalSection(ProjectConfigurationPlatforms) = postSolution
		{3C66ECAA-289E-4624-B146-D6EC74A1EA6B}.Debug|Any CPU.ActiveCfg = Debug|Any CPU
		{3C66ECAA-289E-4624-B146-D6EC74A1EA6B}.Debug|Any CPU.Build.0 = Debug|Any CPU
		{3C66ECAA-289E-4624-B146-D6EC74A1EA6B}.Release|Any CPU.ActiveCfg = Release|Any CPU
		{3C66ECAA-289E-4624-B146-D6EC74A1EA6B}.Release|Any CPU.Build.0 = Release|Any CPU
		{5D8096B7-3E93-4828-823F-5D41B193CCD9}.Debug|Any CPU.ActiveCfg = Debug|Any CPU
		{5D8096B7-3E93-4828-823F-5D41B193CCD9}.Debug|Any CPU.Build.0 = Debug|Any CPU
		{5D8096B7-3E93-4828-823F-5D41B193CCD9}.Release|Any CPU.ActiveCfg = Release|Any CPU
		{5D8096B7-3E93-4828-823F-5D41B193CCD9}.Release|Any CPU.Build.0 = Release|Any CPU
	EndGlobalSection
	GlobalSection(SolutionProperties) = preSolution
		HideSolutionNode = FALSE
	EndGlobalSection
	GlobalSection(ExtensibilityGlobals) = postSolution
		SolutionGuid = {FC471270-085B-4B17-AF05-F69CB2398E87}
	EndGlobalSection
EndGlobal
